
Microsoft Visual Studio Solution File, Format Version 12.00
# Visual Studio Version 17
VisualStudioVersion = 17.14.37027.9 d17.14
MinimumVisualStudioVersion = 10.0.40219.1
Project("{FAE04EC0-301F-11D3-BF4B-00C04F79EFBC}") = "Method Overriding", "Method Overriding.csproj", "{98D1A864-9D39-4801-BD53-39E1A5BA914B}"
EndProject
Global
	GlobalSection(SolutionConfigurationPlatforms) = preSolution
		Debug|Any CPU = Debug|Any CPU
		Release|Any CPU = Release|Any CPU
	EndGlobalSection
	GlobalSection(ProjectConfigurationPlatforms) = postSolution
		{98D1A864-9D39-4801-BD53-39E1A5BA914B}.Debug|Any CPU.ActiveCfg = Debug|Any CPU
		{98D1A864-9D39-4801-BD53-39E1A5BA914B}.Debug|Any CPU.Build.0 = Debug|Any CPU
		{98D1A864-9D39-4801-BD53-39E1A5BA914B}.Release|Any CPU.ActiveCfg = Release|Any CPU
		{98D1A864-9D39-4801-BD53-39E1A5BA914B}.Release|Any CPU.Build.0 = Release|Any CPU
	EndGlobalSection
	GlobalSection(SolutionProperties) = preSolution
		HideSolutionNode = FALSE
	EndGlobalSection
	GlobalSection(ExtensibilityGlobals) = postSolution
		SolutionGuid = {C6B71192-6A60-4D10-9157-C2932DA6DFAD}
	EndGlobalSection
EndGlobal
