
Microsoft Visual Studio Solution File, Format Version 12.00
# Visual Studio Version 17
VisualStudioVersion = 17.14.37027.9 d17.14
MinimumVisualStudioVersion = 10.0.40219.1
Project("{FAE04EC0-301F-11D3-BF4B-00C04F79EFBC}") = "Implement Multiple Interfaces", "Implement Multiple Interfaces.csproj", "{C635F887-CCE8-4B81-AEB7-F17C2D56A331}"
EndProject
Global
	GlobalSection(SolutionConfigurationPlatforms) = preSolution
		Debug|Any CPU = Debug|Any CPU
		Release|Any CPU = Release|Any CPU
	EndGlobalSection
	GlobalSection(ProjectConfigurationPlatforms) = postSolution
		{C635F887-CCE8-4B81-AEB7-F17C2D56A331}.Debug|Any CPU.ActiveCfg = Debug|Any CPU
		{C635F887-CCE8-4B81-AEB7-F17C2D56A331}.Debug|Any CPU.Build.0 = Debug|Any CPU
		{C635F887-CCE8-4B81-AEB7-F17C2D56A331}.Release|Any CPU.ActiveCfg = Release|Any CPU
		{C635F887-CCE8-4B81-AEB7-F17C2D56A331}.Release|Any CPU.Build.0 = Release|Any CPU
	EndGlobalSection
	GlobalSection(SolutionProperties) = preSolution
		HideSolutionNode = FALSE
	EndGlobalSection
	GlobalSection(ExtensibilityGlobals) = postSolution
		SolutionGuid = {E7D1DC4E-455D-4C91-AAB7-1819FB6A3261}
	EndGlobalSection
EndGlobal
