
Microsoft Visual Studio Solution File, Format Version 12.00
# Visual Studio Version 17
VisualStudioVersion = 17.14.37027.9 d17.14
MinimumVisualStudioVersion = 10.0.40219.1
Project("{FAE04EC0-301F-11D3-BF4B-00C04F79EFBC}") = "Interface", "Interface.csproj", "{7E2BC440-719A-4951-876C-61BE96E1CEC3}"
EndProject
Global
	GlobalSection(SolutionConfigurationPlatforms) = preSolution
		Debug|Any CPU = Debug|Any CPU
		Release|Any CPU = Release|Any CPU
	EndGlobalSection
	GlobalSection(ProjectConfigurationPlatforms) = postSolution
		{7E2BC440-719A-4951-876C-61BE96E1CEC3}.Debug|Any CPU.ActiveCfg = Debug|Any CPU
		{7E2BC440-719A-4951-876C-61BE96E1CEC3}.Debug|Any CPU.Build.0 = Debug|Any CPU
		{7E2BC440-719A-4951-876C-61BE96E1CEC3}.Release|Any CPU.ActiveCfg = Release|Any CPU
		{7E2BC440-719A-4951-876C-61BE96E1CEC3}.Release|Any CPU.Build.0 = Release|Any CPU
	EndGlobalSection
	GlobalSection(SolutionProperties) = preSolution
		HideSolutionNode = FALSE
	EndGlobalSection
	GlobalSection(ExtensibilityGlobals) = postSolution
		SolutionGuid = {77B6DC14-A58C-44D3-AA48-3D16E5918300}
	EndGlobalSection
EndGlobal
