
Microsoft Visual Studio Solution File, Format Version 12.00
# Visual Studio Version 17
VisualStudioVersion = 17.14.37027.9 d17.14
MinimumVisualStudioVersion = 10.0.40219.1
Project("{FAE04EC0-301F-11D3-BF4B-00C04F79EFBC}") = "Multi-Level Inheritance", "Multi-Level Inheritance.csproj", "{B947E0F6-04CC-49C0-A979-C0382C8F0ABD}"
EndProject
Global
	GlobalSection(SolutionConfigurationPlatforms) = preSolution
		Debug|Any CPU = Debug|Any CPU
		Release|Any CPU = Release|Any CPU
	EndGlobalSection
	GlobalSection(ProjectConfigurationPlatforms) = postSolution
		{B947E0F6-04CC-49C0-A979-C0382C8F0ABD}.Debug|Any CPU.ActiveCfg = Debug|Any CPU
		{B947E0F6-04CC-49C0-A979-C0382C8F0ABD}.Debug|Any CPU.Build.0 = Debug|Any CPU
		{B947E0F6-04CC-49C0-A979-C0382C8F0ABD}.Release|Any CPU.ActiveCfg = Release|Any CPU
		{B947E0F6-04CC-49C0-A979-C0382C8F0ABD}.Release|Any CPU.Build.0 = Release|Any CPU
	EndGlobalSection
	GlobalSection(SolutionProperties) = preSolution
		HideSolutionNode = FALSE
	EndGlobalSection
	GlobalSection(ExtensibilityGlobals) = postSolution
		SolutionGuid = {D39DBB19-954C-450B-B7F0-848B6725EE2C}
	EndGlobalSection
EndGlobal
